<?xml version="1.0" encoding="utf-8"?>
<Project ToolsVersion="4.0" xmlns="http://schemas.microsoft.com/developer/msbuild/2003">
  <ItemGroup>
    <Filter Include="Исходные файлы">
      <UniqueIdentifier>{4FC737F1-C7A5-4376-A066-2A32D752A2FF}</UniqueIdentifier>
      <Extensions>cpp;c;cc;cxx;c++;cppm;ixx;def;odl;idl;hpj;bat;asm;asmx</Extensions>
    </Filter>
    <Filter Include="Файлы заголовков">
      <UniqueIdentifier>{93995380-89BD-4b04-88EB-625FBE52EBFB}</UniqueIdentifier>
      <Extensions>h;hh;hpp;hxx;h++;hm;inl;inc;ipp;xsd</Extensions>
    </Filter>
    <Filter Include="Файлы ресурсов">
      <UniqueIdentifier>{67DA6AB6-F800-4c08-8B7A-83BB121AAD01}</UniqueIdentifier>
      <Extensions>rc;ico;cur;bmp;dlg;rc2;rct;bin;rgs;gif;jpg;jpeg;jpe;resx;tiff;tif;png;wav;mfcribbon-ms</Extensions>
    </Filter>
    <Filter Include="Game Engine">
      <UniqueIdentifier>{d442f770-7404-4608-a905-a3e3b78675e7}</UniqueIdentifier>
    </Filter>
    <Filter Include="States">
      <UniqueIdentifier>{471569bc-619b-43ea-80e9-82c94a400841}</UniqueIdentifier>
    </Filter>
    <Filter Include="Entity">
      <UniqueIdentifier>{7b4514f4-80e5-4db3-bbde-577d17bb28dc}</UniqueIdentifier>
    </Filter>
    <Filter Include="Commands">
      <UniqueIdentifier>{f098df77-ab0d-462e-a388-c0c0de659828}</UniqueIdentifier>
    </Filter>
    <Filter Include="Inputs">
      <UniqueIdentifier>{e3d38dbb-745e-43d7-8057-cebe9a3b9833}</UniqueIdentifier>
    </Filter>
  </ItemGroup>
  <ItemGroup>
    <ClCompile Include="TopDownGame.cpp">
      <Filter>Исходные файлы</Filter>
    </ClCompile>
    <ClCompile Include="Game.cpp">
      <Filter>Game Engine</Filter>
    </ClCompile>
    <ClCompile Include="GameState.cpp">
      <Filter>States</Filter>
    </ClCompile>
    <ClCompile Include="Tank.cpp">
      <Filter>Entity</Filter>
    </ClCompile>
    <ClCompile Include="KeyCommand.cpp">
      <Filter>Commands</Filter>
    </ClCompile>
    <ClCompile Include="MoveDownCommand.cpp">
      <Filter>Commands</Filter>
    </ClCompile>
    <ClCompile Include="MoveLeftCommand.cpp">
      <Filter>Commands</Filter>
    </ClCompile>
    <ClCompile Include="MoveRightCommand.cpp">
      <Filter>Commands</Filter>
    </ClCompile>
    <ClCompile Include="MoveUpCommand.cpp">
      <Filter>Commands</Filter>
    </ClCompile>
    <ClCompile Include="TwoPlayerInputController.cpp">
      <Filter>Inputs</Filter>
    </ClCompile>
    <ClCompile Include="PlayerKeysAssignment.cpp">
      <Filter>Game Engine</Filter>
    </ClCompile>
    <ClCompile Include="BackGround.cpp">
      <Filter>Game Engine</Filter>
    </ClCompile>
    <ClCompile Include="EntityProperties.cpp">
      <Filter>Entity</Filter>
    </ClCompile>
  </ItemGroup>
  <ItemGroup>
    <ClInclude Include="Game.h">
      <Filter>Файлы заголовков</Filter>
    </ClInclude>
    <ClInclude Include="GameState.h">
      <Filter>Файлы заголовков</Filter>
    </ClInclude>
    <ClInclude Include="Tank.h">
      <Filter>Файлы заголовков</Filter>
    </ClInclude>
    <ClInclude Include="Command.h">
      <Filter>Файлы заголовков</Filter>
    </ClInclude>
    <ClInclude Include="KeyCommand.h">
      <Filter>Файлы заголовков</Filter>
    </ClInclude>
    <ClInclude Include="MoveLeftCommand.h">
      <Filter>Файлы заголовков</Filter>
    </ClInclude>
    <ClInclude Include="MoveRightCommand.h">
      <Filter>Файлы заголовков</Filter>
    </ClInclude>
    <ClInclude Include="MoveUpCommand.h">
      <Filter>Файлы заголовков</Filter>
    </ClInclude>
    <ClInclude Include="MoveDownCommand.h">
      <Filter>Файлы заголовков</Filter>
    </ClInclude>
    <ClInclude Include="TwoPlayerInputController.h">
      <Filter>Файлы заголовков</Filter>
    </ClInclude>
    <ClInclude Include="PlayerKeysAssignment.h">
      <Filter>Файлы заголовков</Filter>
    </ClInclude>
    <ClInclude Include="BackGround.h">
      <Filter>Файлы заголовков</Filter>
    </ClInclude>
    <ClInclude Include="EntityProperties.h">
      <Filter>Файлы заголовков</Filter>
    </ClInclude>
  </ItemGroup>
</Project>